// !$*UTF8*$!
{
	archiveVersion = 1;
	classes = {
	};
	objectVersion = 46;
	objects = {

/* Begin PBXBuildFile section */
		0D245C171EB0812B00F8E491 /* AppDelegate.swift in Sources */ = {isa = PBXBuildFile; fileRef = 0D245C161EB0812B00F8E491 /* AppDelegate.swift */; };
		0D245C1C1EB0812B00F8E491 /* Main.storyboard in Resources */ = {isa = PBXBuildFile; fileRef = 0D245C1A1EB0812B00F8E491 /* Main.storyboard */; };
		0D245C1E1EB0812B00F8E491 /* Assets.xcassets in Resources */ = {isa = PBXBuildFile; fileRef = 0D245C1D1EB0812B00F8E491 /* Assets.xcassets */; };
		0D245C211EB0812B00F8E491 /* LaunchScreen.storyboard in Resources */ = {isa = PBXBuildFile; fileRef = 0D245C1F1EB0812B00F8E491 /* LaunchScreen.storyboard */; };
		0D2BC76C1EBC950900583496 /* Environment.swift in Sources */ = {isa = PBXBuildFile; fileRef = 0D2BC76B1EBC950900583496 /* Environment.swift */; };
		0DFE412A1EB9FC9B0080B8F2 /* IAPService.swift in Sources */ = {isa = PBXBuildFile; fileRef = 0DFE41291EB9FC9B0080B8F2 /* IAPService.swift */; };
		0DFE412D1EBA05510080B8F2 /* StoreKit.framework in Frameworks */ = {isa = PBXBuildFile; fileRef = 0DFE412C1EBA05510080B8F2 /* StoreKit.framework */; };
		0DFE412F1EBB0BAD0080B8F2 /* ProductViewController.swift in Sources */ = {isa = PBXBuildFile; fileRef = 0DFE412E1EBB0BAD0080B8F2 /* ProductViewController.swift */; };
/* End PBXBuildFile section */

/* Begin PBXFileReference section */
		0D245C131EB0812B00F8E491 /* PianoInAppPurchaseSample.app */ = {isa = PBXFileReference; explicitFileType = wrapper.application; includeInIndex = 0; path = PianoInAppPurchaseSample.app; sourceTree = BUILT_PRODUCTS_DIR; };
		0D245C161EB0812B00F8E491 /* AppDelegate.swift */ = {isa = PBXFileReference; lastKnownFileType = sourcecode.swift; path = AppDelegate.swift; sourceTree = "<group>"; };
		0D245C1B1EB0812B00F8E491 /* Base */ = {isa = PBXFileReference; lastKnownFileType = file.storyboard; name = Base; path = Base.lproj/Main.storyboard; sourceTree = "<group>"; };
		0D245C1D1EB0812B00F8E491 /* Assets.xcassets */ = {isa = PBXFileReference; lastKnownFileType = folder.assetcatalog; path = Assets.xcassets; sourceTree = "<group>"; };
		0D245C201EB0812B00F8E491 /* Base */ = {isa = PBXFileReference; lastKnownFileType = file.storyboard; name = Base; path = Base.lproj/LaunchScreen.storyboard; sourceTree = "<group>"; };
		0D245C221EB0812B00F8E491 /* Info.plist */ = {isa = PBXFileReference; lastKnownFileType = text.plist.xml; path = Info.plist; sourceTree = "<group>"; };
		0D2BC76B1EBC950900583496 /* Environment.swift */ = {isa = PBXFileReference; fileEncoding = 4; lastKnownFileType = sourcecode.swift; path = Environment.swift; sourceTree = "<group>"; };
		0DFE41291EB9FC9B0080B8F2 /* IAPService.swift */ = {isa = PBXFileReference; fileEncoding = 4; lastKnownFileType = sourcecode.swift; path = IAPService.swift; sourceTree = "<group>"; };
		0DFE412C1EBA05510080B8F2 /* StoreKit.framework */ = {isa = PBXFileReference; lastKnownFileType = wrapper.framework; name = StoreKit.framework; path = System/Library/Frameworks/StoreKit.framework; sourceTree = SDKROOT; };
		0DFE412E1EBB0BAD0080B8F2 /* ProductViewController.swift */ = {isa = PBXFileReference; fileEncoding = 4; lastKnownFileType = sourcecode.swift; path = ProductViewController.swift; sourceTree = "<group>"; };
/* End PBXFileReference section */

/* Begin PBXFrameworksBuildPhase section */
		0D245C101EB0812B00F8E491 /* Frameworks */ = {
			isa = PBXFrameworksBuildPhase;
			buildActionMask = 2147483647;
			files = (
				0DFE412D1EBA05510080B8F2 /* StoreKit.framework in Frameworks */,
			);
			runOnlyForDeploymentPostprocessing = 0;
		};
/* End PBXFrameworksBuildPhase section */

/* Begin PBXGroup section */
		0D245C0A1EB0812B00F8E491 = {
			isa = PBXGroup;
			children = (
				0D245C151EB0812B00F8E491 /* PianoInAppPurchaseSample */,
				0D245C141EB0812B00F8E491 /* Products */,
				0DFE412B1EBA05510080B8F2 /* Frameworks */,
			);
			sourceTree = "<group>";
		};
		0D245C141EB0812B00F8E491 /* Products */ = {
			isa = PBXGroup;
			children = (
				0D245C131EB0812B00F8E491 /* PianoInAppPurchaseSample.app */,
			);
			name = Products;
			sourceTree = "<group>";
		};
		0D245C151EB0812B00F8E491 /* PianoInAppPurchaseSample */ = {
			isa = PBXGroup;
			children = (
				0DFE41281EB9FC700080B8F2 /* iap */,
				0D245C161EB0812B00F8E491 /* AppDelegate.swift */,
				0D245C1A1EB0812B00F8E491 /* Main.storyboard */,
				0D245C1D1EB0812B00F8E491 /* Assets.xcassets */,
				0D245C1F1EB0812B00F8E491 /* LaunchScreen.storyboard */,
				0D245C221EB0812B00F8E491 /* Info.plist */,
			);
			path = PianoInAppPurchaseSample;
			sourceTree = "<group>";
		};
		0DFE41281EB9FC700080B8F2 /* iap */ = {
			isa = PBXGroup;
			children = (
				0D2BC76B1EBC950900583496 /* Environment.swift */,
				0DFE41291EB9FC9B0080B8F2 /* IAPService.swift */,
				0DFE412E1EBB0BAD0080B8F2 /* ProductViewController.swift */,
			);
			name = iap;
			sourceTree = "<group>";
		};
		0DFE412B1EBA05510080B8F2 /* Frameworks */ = {
			isa = PBXGroup;
			children = (
				0DFE412C1EBA05510080B8F2 /* StoreKit.framework */,
			);
			name = Frameworks;
			sourceTree = "<group>";
		};
/* End PBXGroup section */

/* Begin PBXNativeTarget section */
		0D245C121EB0812B00F8E491 /* PianoInAppPurchaseSample */ = {
			isa = PBXNativeTarget;
			buildConfigurationList = 0D245C251EB0812B00F8E491 /* Build configuration list for PBXNativeTarget "PianoInAppPurchaseSample" */;
			buildPhases = (
				0D245C0F1EB0812B00F8E491 /* Sources */,
				0D245C101EB0812B00F8E491 /* Frameworks */,
				0D245C111EB0812B00F8E491 /* Resources */,
			);
			buildRules = (
			);
			dependencies = (
			);
			name = PianoInAppPurchaseSample;
			productName = PianoInAppPurchaseSample;
			productReference = 0D245C131EB0812B00F8E491 /* PianoInAppPurchaseSample.app */;
			productType = "com.apple.product-type.application";
		};
/* End PBXNativeTarget section */

/* Begin PBXProject section */
		0D245C0B1EB0812B00F8E491 /* Project object */ = {
			isa = PBXProject;
			attributes = {
				LastSwiftUpdateCheck = 0830;
				LastUpgradeCheck = 0830;
				ORGANIZATIONNAME = amp;
				TargetAttributes = {
					0D245C121EB0812B00F8E491 = {
						CreatedOnToolsVersion = 8.3.2;
						DevelopmentTeam = W6L4RQ2JL6;
						ProvisioningStyle = Automatic;
						SystemCapabilities = {
							com.apple.InAppPurchase = {
								enabled = 1;
							};
						};
					};
				};
			};
			buildConfigurationList = 0D245C0E1EB0812B00F8E491 /* Build configuration list for PBXProject "PianoInAppPurchaseSample" */;
			compatibilityVersion = "Xcode 3.2";
			developmentRegion = English;
			hasScannedForEncodings = 0;
			knownRegions = (
				en,
				Base,
			);
			mainGroup = 0D245C0A1EB0812B00F8E491;
			productRefGroup = 0D245C141EB0812B00F8E491 /* Products */;
			projectDirPath = "";
			projectRoot = "";
			targets = (
				0D245C121EB0812B00F8E491 /* PianoInAppPurchaseSample */,
			);
		};
/* End PBXProject section */

/* Begin PBXResourcesBuildPhase section */
		0D245C111EB0812B00F8E491 /* Resources */ = {
			isa = PBXResourcesBuildPhase;
			buildActionMask = 2147483647;
			files = (
				0D245C211EB0812B00F8E491 /* LaunchScreen.storyboard in Resources */,
				0D245C1E1EB0812B00F8E491 /* Assets.xcassets in Resources */,
				0D245C1C1EB0812B00F8E491 /* Main.storyboard in Resources */,
			);
			runOnlyForDeploymentPostprocessing = 0;
		};
/* End PBXResourcesBuildPhase section */

/* Begin PBXSourcesBuildPhase section */
		0D245C0F1EB0812B00F8E491 /* Sources */ = {
			isa = PBXSourcesBuildPhase;
			buildActionMask = 2147483647;
			files = (
				0D245C171EB0812B00F8E491 /* AppDelegate.swift in Sources */,
				0D2BC76C1EBC950900583496 /* Environment.swift in Sources */,
				0DFE412F1EBB0BAD0080B8F2 /* ProductViewController.swift in Sources */,
				0DFE412A1EB9FC9B0080B8F2 /* IAPService.swift in Sources */,
			);
			runOnlyForDeploymentPostprocessing = 0;
		};
/* End PBXSourcesBuildPhase section */

/* Begin PBXVariantGroup section */
		0D245C1A1EB0812B00F8E491 /* Main.storyboard */ = {
			isa = PBXVariantGroup;
			children = (
				0D245C1B1EB0812B00F8E491 /* Base */,
			);
			name = Main.storyboard;
			sourceTree = "<group>";
		};
		0D245C1F1EB0812B00F8E491 /* LaunchScreen.storyboard */ = {
			isa = PBXVariantGroup;
			children = (
				0D245C201EB0812B00F8E491 /* Base */,
			);
			name = LaunchScreen.storyboard;
			sourceTree = "<group>";
		};
/* End PBXVariantGroup section */

/* Begin XCBuildConfiguration section */
		0D245C231EB0812B00F8E491 /* Debug */ = {
			isa = XCBuildConfiguration;
			buildSettings = {
				ALWAYS_SEARCH_USER_PATHS = NO;
				CLANG_ANALYZER_NONNULL = YES;
				CLANG_ANALYZER_NUMBER_OBJECT_CONVERSION = YES_AGGRESSIVE;
				CLANG_CXX_LANGUAGE_STANDARD = "gnu++0x";
				CLANG_CXX_LIBRARY = "libc++";
				CLANG_ENABLE_MODULES = YES;
				CLANG_ENABLE_OBJC_ARC = YES;
				CLANG_WARN_BOOL_CONVERSION = YES;
				CLANG_WARN_CONSTANT_CONVERSION = YES;
				CLANG_WARN_DIRECT_OBJC_ISA_USAGE = YES_ERROR;
				CLANG_WARN_DOCUMENTATION_COMMENTS = YES;
				CLANG_WARN_EMPTY_BODY = YES;
				CLANG_WARN_ENUM_CONVERSION = YES;
				CLANG_WARN_INFINITE_RECURSION = YES;
				CLANG_WARN_INT_CONVERSION = YES;
				CLANG_WARN_OBJC_ROOT_CLASS = YES_ERROR;
				CLANG_WARN_SUSPICIOUS_MOVE = YES;
				CLANG_WARN_UNREACHABLE_CODE = YES;
				CLANG_WARN__DUPLICATE_METHOD_MATCH = YES;
				"CODE_SIGN_IDENTITY[sdk=iphoneos*]" = "iPhone Developer";
				COPY_PHASE_STRIP = NO;
				DEBUG_INFORMATION_FORMAT = dwarf;
				ENABLE_STRICT_OBJC_MSGSEND = YES;
				ENABLE_TESTABILITY = YES;
				GCC_C_LANGUAGE_STANDARD = gnu99;
				GCC_DYNAMIC_NO_PIC = NO;
				GCC_NO_COMMON_BLOCKS = YES;
				GCC_OPTIMIZATION_LEVEL = 0;
				GCC_PREPROCESSOR_DEFINITIONS = (
					"DEBUG=1",
					"$(inherited)",
				);
				GCC_WARN_64_TO_32_BIT_CONVERSION = YES;
				GCC_WARN_ABOUT_RETURN_TYPE = YES_ERROR;
				GCC_WARN_UNDECLARED_SELECTOR = YES;
				GCC_WARN_UNINITIALIZED_AUTOS = YES_AGGRESSIVE;
				GCC_WARN_UNUSED_FUNCTION = YES;
				GCC_WARN_UNUSED_VARIABLE = YES;
				IPHONEOS_DEPLOYMENT_TARGET = 10.3;
				MTL_ENABLE_DEBUG_INFO = YES;
				ONLY_ACTIVE_ARCH = YES;
				SDKROOT = iphoneos;
				SWIFT_ACTIVE_COMPILATION_CONDITIONS = DEBUG;
				SWIFT_OPTIMIZATION_LEVEL = "-Onone";
				TARGETED_DEVICE_FAMILY = "1,2";
			};
			name = Debug;
		};
		0D245C241EB0812B00F8E491 /* Release */ = {
			isa = XCBuildConfiguration;
			buildSettings = {
				ALWAYS_SEARCH_USER_PATHS = NO;
				CLANG_ANALYZER_NONNULL = YES;
				CLANG_ANALYZER_NUMBER_OBJECT_CONVERSION = YES_AGGRESSIVE;
				CLANG_CXX_LANGUAGE_STANDARD = "gnu++0x";
				CLANG_CXX_LIBRARY = "libc++";
				CLANG_ENABLE_MODULES = YES;
				CLANG_ENABLE_OBJC_ARC = YES;
				CLANG_WARN_BOOL_CONVERSION = YES;
				CLANG_WARN_CONSTANT_CONVERSION = YES;
				CLANG_WARN_DIRECT_OBJC_ISA_USAGE = YES_ERROR;
				CLANG_WARN_DOCUMENTATION_COMMENTS = YES;
				CLANG_WARN_EMPTY_BODY = YES;
				CLANG_WARN_ENUM_CONVERSION = YES;
				CLANG_WARN_INFINITE_RECURSION = YES;
				CLANG_WARN_INT_CONVERSION = YES;
				CLANG_WARN_OBJC_ROOT_CLASS = YES_ERROR;
				CLANG_WARN_SUSPICIOUS_MOVE = YES;
				CLANG_WARN_UNREACHABLE_CODE = YES;
				CLANG_WARN__DUPLICATE_METHOD_MATCH = YES;
				"CODE_SIGN_IDENTITY[sdk=iphoneos*]" = "iPhone Developer";
				COPY_PHASE_STRIP = NO;
				DEBUG_INFORMATION_FORMAT = "dwarf-with-dsym";
				ENABLE_NS_ASSERTIONS = NO;
				ENABLE_STRICT_OBJC_MSGSEND = YES;
				GCC_C_LANGUAGE_STANDARD = gnu99;
				GCC_NO_COMMON_BLOCKS = YES;
				GCC_WARN_64_TO_32_BIT_CONVERSION = YES;
				GCC_WARN_ABOUT_RETURN_TYPE = YES_ERROR;
				GCC_WARN_UNDECLARED_SELECTOR = YES;
				GCC_WARN_UNINITIALIZED_AUTOS = YES_AGGRESSIVE;
				GCC_WARN_UNUSED_FUNCTION = YES;
				GCC_WARN_UNUSED_VARIABLE = YES;
				IPHONEOS_DEPLOYMENT_TARGET = 10.3;
				MTL_ENABLE_DEBUG_INFO = NO;
				SDKROOT = iphoneos;
				SWIFT_OPTIMIZATION_LEVEL = "-Owholemodule";
				TARGETED_DEVICE_FAMILY = "1,2";
				VALIDATE_PRODUCT = YES;
			};
			name = Release;
		};
		0D245C261EB0812B00F8E491 /* Debug */ = {
			isa = XCBuildConfiguration;
			buildSettings = {
				ASSETCATALOG_COMPILER_APPICON_NAME = AppIcon;
				"CODE_SIGN_IDENTITY[sdk=iphoneos*]" = "iPhone Developer";
				DEVELOPMENT_TEAM = W6L4RQ2JL6;
				INFOPLIST_FILE = PianoInAppPurchaseSample/Info.plist;
				LD_RUNPATH_SEARCH_PATHS = "$(inherited) @executable_path/Frameworks";
				PRODUCT_BUNDLE_IDENTIFIER = io.piano.PianoInAppPurchaseSample;
				PRODUCT_NAME = "$(TARGET_NAME)";
				PROVISIONING_PROFILE = "";
				PROVISIONING_PROFILE_SPECIFIER = "";
				SWIFT_VERSION = 3.0;
			};
			name = Debug;
		};
		0D245C271EB0812B00F8E491 /* Release */ = {
			isa = XCBuildConfiguration;
			buildSettings = {
				ASSETCATALOG_COMPILER_APPICON_NAME = AppIcon;
				"CODE_SIGN_IDENTITY[sdk=iphoneos*]" = "iPhone Developer";
				DEVELOPMENT_TEAM = W6L4RQ2JL6;
				INFOPLIST_FILE = PianoInAppPurchaseSample/Info.plist;
				LD_RUNPATH_SEARCH_PATHS = "$(inherited) @executable_path/Frameworks";
				PRODUCT_BUNDLE_IDENTIFIER = io.piano.PianoInAppPurchaseSample;
				PRODUCT_NAME = "$(TARGET_NAME)";
				PROVISIONING_PROFILE = "";
				PROVISIONING_PROFILE_SPECIFIER = "";
				SWIFT_VERSION = 3.0;
			};
			name = Release;
		};
/* End XCBuildConfiguration section */

/* Begin XCConfigurationList section */
		0D245C0E1EB0812B00F8E491 /* Build configuration list for PBXProject "PianoInAppPurchaseSample" */ = {
			isa = XCConfigurationList;
			buildConfigurations = (
				0D245C231EB0812B00F8E491 /* Debug */,
				0D245C241EB0812B00F8E491 /* Release */,
			);
			defaultConfigurationIsVisible = 0;
			defaultConfigurationName = Release;
		};
		0D245C251EB0812B00F8E491 /* Build configuration list for PBXNativeTarget "PianoInAppPurchaseSample" */ = {
			isa = XCConfigurationList;
			buildConfigurations = (
				0D245C261EB0812B00F8E491 /* Debug */,
				0D245C271EB0812B00F8E491 /* Release */,
			);
			defaultConfigurationIsVisible = 0;
			defaultConfigurationName = Release;
		};
/* End XCConfigurationList section */
	};
	rootObject = 0D245C0B1EB0812B00F8E491 /* Project object */;
}
